
Microsoft Visual Studio Solution File, Format Version 12.00
# Visual Studio Version 17
VisualStudioVersion = 17.0.31903.59
MinimumVisualStudioVersion = 10.0.40219.1
Project("{FAE04EC0-301F-11D3-BF4B-00C04F79EFBC}") = "CompileTimeFirst.Sample.Domain", "src\CompileTimeFirst.Sample.Domain\CompileTimeFirst.Sample.Domain.csproj", "{A1F1C411-FF6C-45A4-BC50-3194B0EEA101}"
EndProject
Project("{FAE04EC0-301F-11D3-BF4B-00C04F79EFBC}") = "CompileTimeFirst.Sample.Data", "src\CompileTimeFirst.Sample.Data\CompileTimeFirst.Sample.Data.csproj", "{B2F2C422-FF6C-45A4-BC50-3194B0EEA102}"
EndProject
Project("{FAE04EC0-301F-11D3-BF4B-00C04F79EFBC}") = "CompileTimeFirst.Sample.Application", "src\CompileTimeFirst.Sample.Application\CompileTimeFirst.Sample.Application.csproj", "{C3F3C433-FF6C-45A4-BC50-3194B0EEA103}"
EndProject
Project("{FAE04EC0-301F-11D3-BF4B-00C04F79EFBC}") = "CompileTimeFirst.Sample.Console", "src\CompileTimeFirst.Sample.Console\CompileTimeFirst.Sample.Console.csproj", "{D4F4C444-FF6C-45A4-BC50-3194B0EEA104}"
EndProject
Project("{2150E333-8FDC-42A3-9474-1A3956D46DE8}") = "src", "src", "{827E0CD3-B72D-47B6-A68D-7590B98EB39B}"
EndProject
Project("{FAE04EC0-301F-11D3-BF4B-00C04F79EFBC}") = "CompileTimeFirst.Sample.Web", "src\CompileTimeFirst.Sample.Web\CompileTimeFirst.Sample.Web.csproj", "{26C0A4E8-A0F6-46DC-B90A-96D5531C20F7}"
EndProject
Project("{FAE04EC0-301F-11D3-BF4B-00C04F79EFBC}") = "CompileTimeFirst.Sample.Analyzers", "src\CompileTimeFirst.Sample.Analyzers\CompileTimeFirst.Sample.Analyzers.csproj", "{2E39A677-635F-46C6-A83E-5C92C231023E}"
EndProject
Project("{FAE04EC0-301F-11D3-BF4B-00C04F79EFBC}") = "CompileTimeFirst.Sample.ReadModel", "src\CompileTimeFirst.Sample.ReadModel\CompileTimeFirst.Sample.ReadModel.csproj", "{E5F5C555-FF6C-45A4-BC50-3194B0EEA105}"
EndProject
Project("{FAE04EC0-301F-11D3-BF4B-00C04F79EFBC}") = "CompileTimeFirst.Sample.Web.Client", "src\CompileTimeFirst.Sample.Web.Client\CompileTimeFirst.Sample.Web.Client.csproj", "{F6F6C666-FF6C-45A4-BC50-3194B0EEA106}"
EndProject
Project("{FAE04EC0-301F-11D3-BF4B-00C04F79EFBC}") = "CompileTimeFirst.Sample.Tests", "tests\CompileTimeFirst.Sample.Tests\CompileTimeFirst.Sample.Tests.csproj", "{A7A7C777-FF6C-45A4-BC50-3194B0EEA107}"
EndProject
Global
	GlobalSection(SolutionConfigurationPlatforms) = preSolution
		Debug|Any CPU = Debug|Any CPU
		Debug|x64 = Debug|x64
		Debug|x86 = Debug|x86
		Release|Any CPU = Release|Any CPU
		Release|x64 = Release|x64
		Release|x86 = Release|x86
	EndGlobalSection
	GlobalSection(ProjectConfigurationPlatforms) = postSolution
		{A1F1C411-FF6C-45A4-BC50-3194B0EEA101}.Debug|Any CPU.ActiveCfg = Debug|Any CPU
		{A1F1C411-FF6C-45A4-BC50-3194B0EEA101}.Debug|Any CPU.Build.0 = Debug|Any CPU
		{A1F1C411-FF6C-45A4-BC50-3194B0EEA101}.Debug|x64.ActiveCfg = Debug|Any CPU
		{A1F1C411-FF6C-45A4-BC50-3194B0EEA101}.Debug|x64.Build.0 = Debug|Any CPU
		{A1F1C411-FF6C-45A4-BC50-3194B0EEA101}.Debug|x86.ActiveCfg = Debug|Any CPU
		{A1F1C411-FF6C-45A4-BC50-3194B0EEA101}.Debug|x86.Build.0 = Debug|Any CPU
		{A1F1C411-FF6C-45A4-BC50-3194B0EEA101}.Release|Any CPU.ActiveCfg = Release|Any CPU
		{A1F1C411-FF6C-45A4-BC50-3194B0EEA101}.Release|Any CPU.Build.0 = Release|Any CPU
		{A1F1C411-FF6C-45A4-BC50-3194B0EEA101}.Release|x64.ActiveCfg = Release|Any CPU
		{A1F1C411-FF6C-45A4-BC50-3194B0EEA101}.Release|x64.Build.0 = Release|Any CPU
		{A1F1C411-FF6C-45A4-BC50-3194B0EEA101}.Release|x86.ActiveCfg = Release|Any CPU
		{A1F1C411-FF6C-45A4-BC50-3194B0EEA101}.Release|x86.Build.0 = Release|Any CPU
		{B2F2C422-FF6C-45A4-BC50-3194B0EEA102}.Debug|Any CPU.ActiveCfg = Debug|Any CPU
		{B2F2C422-FF6C-45A4-BC50-3194B0EEA102}.Debug|Any CPU.Build.0 = Debug|Any CPU
		{B2F2C422-FF6C-45A4-BC50-3194B0EEA102}.Debug|x64.ActiveCfg = Debug|Any CPU
		{B2F2C422-FF6C-45A4-BC50-3194B0EEA102}.Debug|x64.Build.0 = Debug|Any CPU
		{B2F2C422-FF6C-45A4-BC50-3194B0EEA102}.Debug|x86.ActiveCfg = Debug|Any CPU
		{B2F2C422-FF6C-45A4-BC50-3194B0EEA102}.Debug|x86.Build.0 = Debug|Any CPU
		{B2F2C422-FF6C-45A4-BC50-3194B0EEA102}.Release|Any CPU.ActiveCfg = Release|Any CPU
		{B2F2C422-FF6C-45A4-BC50-3194B0EEA102}.Release|Any CPU.Build.0 = Release|Any CPU
		{B2F2C422-FF6C-45A4-BC50-3194B0EEA102}.Release|x64.ActiveCfg = Release|Any CPU
		{B2F2C422-FF6C-45A4-BC50-3194B0EEA102}.Release|x64.Build.0 = Release|Any CPU
		{B2F2C422-FF6C-45A4-BC50-3194B0EEA102}.Release|x86.ActiveCfg = Release|Any CPU
		{B2F2C422-FF6C-45A4-BC50-3194B0EEA102}.Release|x86.Build.0 = Release|Any CPU
		{C3F3C433-FF6C-45A4-BC50-3194B0EEA103}.Debug|Any CPU.ActiveCfg = Debug|Any CPU
		{C3F3C433-FF6C-45A4-BC50-3194B0EEA103}.Debug|Any CPU.Build.0 = Debug|Any CPU
		{C3F3C433-FF6C-45A4-BC50-3194B0EEA103}.Debug|x64.ActiveCfg = Debug|Any CPU
		{C3F3C433-FF6C-45A4-BC50-3194B0EEA103}.Debug|x64.Build.0 = Debug|Any CPU
		{C3F3C433-FF6C-45A4-BC50-3194B0EEA103}.Debug|x86.ActiveCfg = Debug|Any CPU
		{C3F3C433-FF6C-45A4-BC50-3194B0EEA103}.Debug|x86.Build.0 = Debug|Any CPU
		{C3F3C433-FF6C-45A4-BC50-3194B0EEA103}.Release|Any CPU.ActiveCfg = Release|Any CPU
		{C3F3C433-FF6C-45A4-BC50-3194B0EEA103}.Release|Any CPU.Build.0 = Release|Any CPU
		{C3F3C433-FF6C-45A4-BC50-3194B0EEA103}.Release|x64.ActiveCfg = Release|Any CPU
		{C3F3C433-FF6C-45A4-BC50-3194B0EEA103}.Release|x64.Build.0 = Release|Any CPU
		{C3F3C433-FF6C-45A4-BC50-3194B0EEA103}.Release|x86.ActiveCfg = Release|Any CPU
		{C3F3C433-FF6C-45A4-BC50-3194B0EEA103}.Release|x86.Build.0 = Release|Any CPU
		{D4F4C444-FF6C-45A4-BC50-3194B0EEA104}.Debug|Any CPU.ActiveCfg = Debug|Any CPU
		{D4F4C444-FF6C-45A4-BC50-3194B0EEA104}.Debug|Any CPU.Build.0 = Debug|Any CPU
		{D4F4C444-FF6C-45A4-BC50-3194B0EEA104}.Debug|x64.ActiveCfg = Debug|Any CPU
		{D4F4C444-FF6C-45A4-BC50-3194B0EEA104}.Debug|x64.Build.0 = Debug|Any CPU
		{D4F4C444-FF6C-45A4-BC50-3194B0EEA104}.Debug|x86.ActiveCfg = Debug|Any CPU
		{D4F4C444-FF6C-45A4-BC50-3194B0EEA104}.Debug|x86.Build.0 = Debug|Any CPU
		{D4F4C444-FF6C-45A4-BC50-3194B0EEA104}.Release|Any CPU.ActiveCfg = Release|Any CPU
		{D4F4C444-FF6C-45A4-BC50-3194B0EEA104}.Release|Any CPU.Build.0 = Release|Any CPU
		{D4F4C444-FF6C-45A4-BC50-3194B0EEA104}.Release|x64.ActiveCfg = Release|Any CPU
		{D4F4C444-FF6C-45A4-BC50-3194B0EEA104}.Release|x64.Build.0 = Release|Any CPU
		{D4F4C444-FF6C-45A4-BC50-3194B0EEA104}.Release|x86.ActiveCfg = Release|Any CPU
		{D4F4C444-FF6C-45A4-BC50-3194B0EEA104}.Release|x86.Build.0 = Release|Any CPU
		{26C0A4E8-A0F6-46DC-B90A-96D5531C20F7}.Debug|Any CPU.ActiveCfg = Debug|Any CPU
		{26C0A4E8-A0F6-46DC-B90A-96D5531C20F7}.Debug|Any CPU.Build.0 = Debug|Any CPU
		{26C0A4E8-A0F6-46DC-B90A-96D5531C20F7}.Debug|x64.ActiveCfg = Debug|Any CPU
		{26C0A4E8-A0F6-46DC-B90A-96D5531C20F7}.Debug|x64.Build.0 = Debug|Any CPU
		{26C0A4E8-A0F6-46DC-B90A-96D5531C20F7}.Debug|x86.ActiveCfg = Debug|Any CPU
		{26C0A4E8-A0F6-46DC-B90A-96D5531C20F7}.Debug|x86.Build.0 = Debug|Any CPU
		{26C0A4E8-A0F6-46DC-B90A-96D5531C20F7}.Release|Any CPU.ActiveCfg = Release|Any CPU
		{26C0A4E8-A0F6-46DC-B90A-96D5531C20F7}.Release|Any CPU.Build.0 = Release|Any CPU
		{26C0A4E8-A0F6-46DC-B90A-96D5531C20F7}.Release|x64.ActiveCfg = Release|Any CPU
		{26C0A4E8-A0F6-46DC-B90A-96D5531C20F7}.Release|x64.Build.0 = Release|Any CPU
		{26C0A4E8-A0F6-46DC-B90A-96D5531C20F7}.Release|x86.ActiveCfg = Release|Any CPU
		{26C0A4E8-A0F6-46DC-B90A-96D5531C20F7}.Release|x86.Build.0 = Release|Any CPU
		{2E39A677-635F-46C6-A83E-5C92C231023E}.Debug|Any CPU.ActiveCfg = Debug|Any CPU
		{2E39A677-635F-46C6-A83E-5C92C231023E}.Debug|Any CPU.Build.0 = Debug|Any CPU
		{2E39A677-635F-46C6-A83E-5C92C231023E}.Debug|x64.ActiveCfg = Debug|Any CPU
		{2E39A677-635F-46C6-A83E-5C92C231023E}.Debug|x64.Build.0 = Debug|Any CPU
		{2E39A677-635F-46C6-A83E-5C92C231023E}.Debug|x86.ActiveCfg = Debug|Any CPU
		{2E39A677-635F-46C6-A83E-5C92C231023E}.Debug|x86.Build.0 = Debug|Any CPU
		{2E39A677-635F-46C6-A83E-5C92C231023E}.Release|Any CPU.ActiveCfg = Release|Any CPU
		{2E39A677-635F-46C6-A83E-5C92C231023E}.Release|Any CPU.Build.0 = Release|Any CPU
		{2E39A677-635F-46C6-A83E-5C92C231023E}.Release|x64.ActiveCfg = Release|Any CPU
		{2E39A677-635F-46C6-A83E-5C92C231023E}.Release|x64.Build.0 = Release|Any CPU
		{2E39A677-635F-46C6-A83E-5C92C231023E}.Release|x86.ActiveCfg = Release|Any CPU
		{2E39A677-635F-46C6-A83E-5C92C231023E}.Release|x86.Build.0 = Release|Any CPU
		{E5F5C555-FF6C-45A4-BC50-3194B0EEA105}.Debug|Any CPU.ActiveCfg = Debug|Any CPU
		{E5F5C555-FF6C-45A4-BC50-3194B0EEA105}.Debug|Any CPU.Build.0 = Debug|Any CPU
		{E5F5C555-FF6C-45A4-BC50-3194B0EEA105}.Debug|x64.ActiveCfg = Debug|Any CPU
		{E5F5C555-FF6C-45A4-BC50-3194B0EEA105}.Debug|x64.Build.0 = Debug|Any CPU
		{E5F5C555-FF6C-45A4-BC50-3194B0EEA105}.Debug|x86.ActiveCfg = Debug|Any CPU
		{E5F5C555-FF6C-45A4-BC50-3194B0EEA105}.Debug|x86.Build.0 = Debug|Any CPU
		{E5F5C555-FF6C-45A4-BC50-3194B0EEA105}.Release|Any CPU.ActiveCfg = Release|Any CPU
		{E5F5C555-FF6C-45A4-BC50-3194B0EEA105}.Release|Any CPU.Build.0 = Release|Any CPU
		{E5F5C555-FF6C-45A4-BC50-3194B0EEA105}.Release|x64.ActiveCfg = Release|Any CPU
		{E5F5C555-FF6C-45A4-BC50-3194B0EEA105}.Release|x64.Build.0 = Release|Any CPU
		{E5F5C555-FF6C-45A4-BC50-3194B0EEA105}.Release|x86.ActiveCfg = Release|Any CPU
		{E5F5C555-FF6C-45A4-BC50-3194B0EEA105}.Release|x86.Build.0 = Release|Any CPU
		{F6F6C666-FF6C-45A4-BC50-3194B0EEA106}.Debug|Any CPU.ActiveCfg = Debug|Any CPU
		{F6F6C666-FF6C-45A4-BC50-3194B0EEA106}.Debug|Any CPU.Build.0 = Debug|Any CPU
		{F6F6C666-FF6C-45A4-BC50-3194B0EEA106}.Debug|x64.ActiveCfg = Debug|Any CPU
		{F6F6C666-FF6C-45A4-BC50-3194B0EEA106}.Debug|x64.Build.0 = Debug|Any CPU
		{F6F6C666-FF6C-45A4-BC50-3194B0EEA106}.Debug|x86.ActiveCfg = Debug|Any CPU
		{F6F6C666-FF6C-45A4-BC50-3194B0EEA106}.Debug|x86.Build.0 = Debug|Any CPU
		{F6F6C666-FF6C-45A4-BC50-3194B0EEA106}.Release|Any CPU.ActiveCfg = Release|Any CPU
		{F6F6C666-FF6C-45A4-BC50-3194B0EEA106}.Release|Any CPU.Build.0 = Release|Any CPU
		{F6F6C666-FF6C-45A4-BC50-3194B0EEA106}.Release|x64.ActiveCfg = Release|Any CPU
		{F6F6C666-FF6C-45A4-BC50-3194B0EEA106}.Release|x64.Build.0 = Release|Any CPU
		{F6F6C666-FF6C-45A4-BC50-3194B0EEA106}.Release|x86.ActiveCfg = Release|Any CPU
		{F6F6C666-FF6C-45A4-BC50-3194B0EEA106}.Release|x86.Build.0 = Release|Any CPU
		{A7A7C777-FF6C-45A4-BC50-3194B0EEA107}.Debug|Any CPU.ActiveCfg = Debug|Any CPU
		{A7A7C777-FF6C-45A4-BC50-3194B0EEA107}.Debug|Any CPU.Build.0 = Debug|Any CPU
		{A7A7C777-FF6C-45A4-BC50-3194B0EEA107}.Debug|x64.ActiveCfg = Debug|Any CPU
		{A7A7C777-FF6C-45A4-BC50-3194B0EEA107}.Debug|x64.Build.0 = Debug|Any CPU
		{A7A7C777-FF6C-45A4-BC50-3194B0EEA107}.Debug|x86.ActiveCfg = Debug|Any CPU
		{A7A7C777-FF6C-45A4-BC50-3194B0EEA107}.Debug|x86.Build.0 = Debug|Any CPU
		{A7A7C777-FF6C-45A4-BC50-3194B0EEA107}.Release|Any CPU.ActiveCfg = Release|Any CPU
		{A7A7C777-FF6C-45A4-BC50-3194B0EEA107}.Release|Any CPU.Build.0 = Release|Any CPU
		{A7A7C777-FF6C-45A4-BC50-3194B0EEA107}.Release|x64.ActiveCfg = Release|Any CPU
		{A7A7C777-FF6C-45A4-BC50-3194B0EEA107}.Release|x64.Build.0 = Release|Any CPU
		{A7A7C777-FF6C-45A4-BC50-3194B0EEA107}.Release|x86.ActiveCfg = Release|Any CPU
		{A7A7C777-FF6C-45A4-BC50-3194B0EEA107}.Release|x86.Build.0 = Release|Any CPU
	EndGlobalSection
	GlobalSection(SolutionProperties) = preSolution
		HideSolutionNode = FALSE
	EndGlobalSection
	GlobalSection(NestedProjects) = preSolution
		{26C0A4E8-A0F6-46DC-B90A-96D5531C20F7} = {827E0CD3-B72D-47B6-A68D-7590B98EB39B}
		{2E39A677-635F-46C6-A83E-5C92C231023E} = {827E0CD3-B72D-47B6-A68D-7590B98EB39B}
		{E5F5C555-FF6C-45A4-BC50-3194B0EEA105} = {827E0CD3-B72D-47B6-A68D-7590B98EB39B}
		{F6F6C666-FF6C-45A4-BC50-3194B0EEA106} = {827E0CD3-B72D-47B6-A68D-7590B98EB39B}
	EndGlobalSection
EndGlobal
